
Microsoft Visual Studio Solution File, Format Version 12.00
# Visual Studio Version 17
VisualStudioVersion = 17.13.35806.99
MinimumVisualStudioVersion = 10.0.40219.1
Project("{FAE04EC0-301F-11D3-BF4B-00C04F79EFBC}") = "Meadow.DotNetIoT", "Meadow.DotNetIoT\Meadow.DotNetIoT.csproj", "{47F722A1-00C5-6483-D295-28007187DD02}"
EndProject
Project("{2150E333-8FDC-42A3-9474-1A3956D46DE8}") = "Samples", "Samples", "{02EA681E-C7D8-13C7-8484-4AC65E1B71E8}"
EndProject
Project("{FAE04EC0-301F-11D3-BF4B-00C04F79EFBC}") = "Sample", "Samples\Sample.csproj", "{3FC1B60D-3794-1862-E8F3-848E6D76E554}"
EndProject
Global
	GlobalSection(SolutionConfigurationPlatforms) = preSolution
		Debug|Any CPU = Debug|Any CPU
		Release|Any CPU = Release|Any CPU
	EndGlobalSection
	GlobalSection(ProjectConfigurationPlatforms) = postSolution
		{47F722A1-00C5-6483-D295-28007187DD02}.Debug|Any CPU.ActiveCfg = Debug|Any CPU
		{47F722A1-00C5-6483-D295-28007187DD02}.Debug|Any CPU.Build.0 = Debug|Any CPU
		{47F722A1-00C5-6483-D295-28007187DD02}.Release|Any CPU.ActiveCfg = Release|Any CPU
		{47F722A1-00C5-6483-D295-28007187DD02}.Release|Any CPU.Build.0 = Release|Any CPU
		{3FC1B60D-3794-1862-E8F3-848E6D76E554}.Debug|Any CPU.ActiveCfg = Debug|Any CPU
		{3FC1B60D-3794-1862-E8F3-848E6D76E554}.Debug|Any CPU.Build.0 = Debug|Any CPU
		{3FC1B60D-3794-1862-E8F3-848E6D76E554}.Release|Any CPU.ActiveCfg = Release|Any CPU
		{3FC1B60D-3794-1862-E8F3-848E6D76E554}.Release|Any CPU.Build.0 = Release|Any CPU
	EndGlobalSection
	GlobalSection(SolutionProperties) = preSolution
		HideSolutionNode = FALSE
	EndGlobalSection
	GlobalSection(NestedProjects) = preSolution
		{3FC1B60D-3794-1862-E8F3-848E6D76E554} = {02EA681E-C7D8-13C7-8484-4AC65E1B71E8}
	EndGlobalSection
	GlobalSection(ExtensibilityGlobals) = postSolution
		SolutionGuid = {433D8A5E-42D4-464E-B315-3022355C8462}
	EndGlobalSection
EndGlobal
